// !$*UTF8*$!
{
	archiveVersion = 1;
	classes = {
	};
	objectVersion = 50;
	objects = {

/* Begin PBXBuildFile section */
		CE80839D20C1403D00DDE52D /* PassingCars.cpp in Sources */ = {isa = PBXBuildFile; fileRef = CE80839B20C1403D00DDE52D /* PassingCars.cpp */; };
		CEC1F2E020BF82B4005012D7 /* main.cpp in Sources */ = {isa = PBXBuildFile; fileRef = CEC1F2DF20BF82B4005012D7 /* main.cpp */; };
		CEC1F2FC20BF8526005012D7 /* TapeEquilibrium.cpp in Sources */ = {isa = PBXBuildFile; fileRef = CEC1F2E620BF8524005012D7 /* TapeEquilibrium.cpp */; };
		CEC1F2FD20BF8526005012D7 /* BinaryCount.cpp in Sources */ = {isa = PBXBuildFile; fileRef = CEC1F2E820BF8525005012D7 /* BinaryCount.cpp */; };
		CEC1F2FE20BF8526005012D7 /* MaxCounters.cpp in Sources */ = {isa = PBXBuildFile; fileRef = CEC1F2EB20BF8525005012D7 /* MaxCounters.cpp */; };
		CEC1F2FF20BF8526005012D7 /* PermMissingElem.cpp in Sources */ = {isa = PBXBuildFile; fileRef = CEC1F2ED20BF8525005012D7 /* PermMissingElem.cpp */; };
		CEC1F30020BF8526005012D7 /* FrogRiverOne.cpp in Sources */ = {isa = PBXBuildFile; fileRef = CEC1F2EF20BF8525005012D7 /* FrogRiverOne.cpp */; };
		CEC1F30120BF8526005012D7 /* MissingInteger.cpp in Sources */ = {isa = PBXBuildFile; fileRef = CEC1F2F020BF8525005012D7 /* MissingInteger.cpp */; };
		CEC1F30220BF8526005012D7 /* PermCheck.cpp in Sources */ = {isa = PBXBuildFile; fileRef = CEC1F2F320BF8525005012D7 /* PermCheck.cpp */; };
		CEC1F30320BF8526005012D7 /* OddOccurrencesInArray.cpp in Sources */ = {isa = PBXBuildFile; fileRef = CEC1F2F420BF8525005012D7 /* OddOccurrencesInArray.cpp */; };
		CEC1F30420BF8526005012D7 /* FrogJmp.cpp in Sources */ = {isa = PBXBuildFile; fileRef = CEC1F2F520BF8525005012D7 /* FrogJmp.cpp */; };
		CEC1F30520BF8526005012D7 /* MinAvgTwoSlice.cpp in Sources */ = {isa = PBXBuildFile; fileRef = CEC1F2F720BF8526005012D7 /* MinAvgTwoSlice.cpp */; };
		CEC1F30620BF8526005012D7 /* CyclieRotation.cpp in Sources */ = {isa = PBXBuildFile; fileRef = CEC1F2FB20BF8526005012D7 /* CyclieRotation.cpp */; };
/* End PBXBuildFile section */

/* Begin PBXCopyFilesBuildPhase section */
		CEC1F2DA20BF82B4005012D7 /* CopyFiles */ = {
			isa = PBXCopyFilesBuildPhase;
			buildActionMask = 2147483647;
			dstPath = /usr/share/man/man1/;
			dstSubfolderSpec = 0;
			files = (
			);
			runOnlyForDeploymentPostprocessing = 1;
		};
/* End PBXCopyFilesBuildPhase section */

/* Begin PBXFileReference section */
		CE80839B20C1403D00DDE52D /* PassingCars.cpp */ = {isa = PBXFileReference; lastKnownFileType = sourcecode.cpp.cpp; path = PassingCars.cpp; sourceTree = "<group>"; };
		CE80839C20C1403D00DDE52D /* PassingCars.hpp */ = {isa = PBXFileReference; lastKnownFileType = sourcecode.cpp.h; path = PassingCars.hpp; sourceTree = "<group>"; };
		CEC1F2DC20BF82B4005012D7 /* KillingTimeWithCodility2 */ = {isa = PBXFileReference; explicitFileType = "compiled.mach-o.executable"; includeInIndex = 0; path = KillingTimeWithCodility2; sourceTree = BUILT_PRODUCTS_DIR; };
		CEC1F2DF20BF82B4005012D7 /* main.cpp */ = {isa = PBXFileReference; lastKnownFileType = sourcecode.cpp.cpp; path = main.cpp; sourceTree = "<group>"; };
		CEC1F2E620BF8524005012D7 /* TapeEquilibrium.cpp */ = {isa = PBXFileReference; fileEncoding = 4; lastKnownFileType = sourcecode.cpp.cpp; path = TapeEquilibrium.cpp; sourceTree = "<group>"; };
		CEC1F2E720BF8525005012D7 /* TapeEquilibrium.hpp */ = {isa = PBXFileReference; fileEncoding = 4; lastKnownFileType = sourcecode.cpp.h; path = TapeEquilibrium.hpp; sourceTree = "<group>"; };
		CEC1F2E820BF8525005012D7 /* BinaryCount.cpp */ = {isa = PBXFileReference; fileEncoding = 4; lastKnownFileType = sourcecode.cpp.cpp; path = BinaryCount.cpp; sourceTree = "<group>"; };
		CEC1F2E920BF8525005012D7 /* MinAvgTwoSlice.hpp */ = {isa = PBXFileReference; fileEncoding = 4; lastKnownFileType = sourcecode.cpp.h; path = MinAvgTwoSlice.hpp; sourceTree = "<group>"; };
		CEC1F2EA20BF8525005012D7 /* FrogJmp.hpp */ = {isa = PBXFileReference; fileEncoding = 4; lastKnownFileType = sourcecode.cpp.h; path = FrogJmp.hpp; sourceTree = "<group>"; };
		CEC1F2EB20BF8525005012D7 /* MaxCounters.cpp */ = {isa = PBXFileReference; fileEncoding = 4; lastKnownFileType = sourcecode.cpp.cpp; path = MaxCounters.cpp; sourceTree = "<group>"; };
		CEC1F2EC20BF8525005012D7 /* PermCheck.hpp */ = {isa = PBXFileReference; fileEncoding = 4; lastKnownFileType = sourcecode.cpp.h; path = PermCheck.hpp; sourceTree = "<group>"; };
		CEC1F2ED20BF8525005012D7 /* PermMissingElem.cpp */ = {isa = PBXFileReference; fileEncoding = 4; lastKnownFileType = sourcecode.cpp.cpp; path = PermMissingElem.cpp; sourceTree = "<group>"; };
		CEC1F2EE20BF8525005012D7 /* CyclieRotation.hpp */ = {isa = PBXFileReference; fileEncoding = 4; lastKnownFileType = sourcecode.cpp.h; path = CyclieRotation.hpp; sourceTree = "<group>"; };
		CEC1F2EF20BF8525005012D7 /* FrogRiverOne.cpp */ = {isa = PBXFileReference; fileEncoding = 4; lastKnownFileType = sourcecode.cpp.cpp; path = FrogRiverOne.cpp; sourceTree = "<group>"; };
		CEC1F2F020BF8525005012D7 /* MissingInteger.cpp */ = {isa = PBXFileReference; fileEncoding = 4; lastKnownFileType = sourcecode.cpp.cpp; path = MissingInteger.cpp; sourceTree = "<group>"; };
		CEC1F2F120BF8525005012D7 /* OddOccurrencesInArray.hpp */ = {isa = PBXFileReference; fileEncoding = 4; lastKnownFileType = sourcecode.cpp.h; path = OddOccurrencesInArray.hpp; sourceTree = "<group>"; };
		CEC1F2F220BF8525005012D7 /* BinaryCount.hpp */ = {isa = PBXFileReference; fileEncoding = 4; lastKnownFileType = sourcecode.cpp.h; path = BinaryCount.hpp; sourceTree = "<group>"; };
		CEC1F2F320BF8525005012D7 /* PermCheck.cpp */ = {isa = PBXFileReference; fileEncoding = 4; lastKnownFileType = sourcecode.cpp.cpp; path = PermCheck.cpp; sourceTree = "<group>"; };
		CEC1F2F420BF8525005012D7 /* OddOccurrencesInArray.cpp */ = {isa = PBXFileReference; fileEncoding = 4; lastKnownFileType = sourcecode.cpp.cpp; path = OddOccurrencesInArray.cpp; sourceTree = "<group>"; };
		CEC1F2F520BF8525005012D7 /* FrogJmp.cpp */ = {isa = PBXFileReference; fileEncoding = 4; lastKnownFileType = sourcecode.cpp.cpp; path = FrogJmp.cpp; sourceTree = "<group>"; };
		CEC1F2F620BF8526005012D7 /* MaxCounters.hpp */ = {isa = PBXFileReference; fileEncoding = 4; lastKnownFileType = sourcecode.cpp.h; path = MaxCounters.hpp; sourceTree = "<group>"; };
		CEC1F2F720BF8526005012D7 /* MinAvgTwoSlice.cpp */ = {isa = PBXFileReference; fileEncoding = 4; lastKnownFileType = sourcecode.cpp.cpp; path = MinAvgTwoSlice.cpp; sourceTree = "<group>"; };
		CEC1F2F820BF8526005012D7 /* MissingInteger.hpp */ = {isa = PBXFileReference; fileEncoding = 4; lastKnownFileType = sourcecode.cpp.h; path = MissingInteger.hpp; sourceTree = "<group>"; };
		CEC1F2F920BF8526005012D7 /* FrogRiverOne.hpp */ = {isa = PBXFileReference; fileEncoding = 4; lastKnownFileType = sourcecode.cpp.h; path = FrogRiverOne.hpp; sourceTree = "<group>"; };
		CEC1F2FA20BF8526005012D7 /* PermMissingElem.hpp */ = {isa = PBXFileReference; fileEncoding = 4; lastKnownFileType = sourcecode.cpp.h; path = PermMissingElem.hpp; sourceTree = "<group>"; };
		CEC1F2FB20BF8526005012D7 /* CyclieRotation.cpp */ = {isa = PBXFileReference; fileEncoding = 4; lastKnownFileType = sourcecode.cpp.cpp; path = CyclieRotation.cpp; sourceTree = "<group>"; };
/* End PBXFileReference section */

/* Begin PBXFrameworksBuildPhase section */
		CEC1F2D920BF82B4005012D7 /* Frameworks */ = {
			isa = PBXFrameworksBuildPhase;
			buildActionMask = 2147483647;
			files = (
			);
			runOnlyForDeploymentPostprocessing = 0;
		};
/* End PBXFrameworksBuildPhase section */

/* Begin PBXGroup section */
		CEC1F2D320BF82B4005012D7 = {
			isa = PBXGroup;
			children = (
				CEC1F2DE20BF82B4005012D7 /* KillingTimeWithCodility2 */,
				CEC1F2DD20BF82B4005012D7 /* Products */,
			);
			sourceTree = "<group>";
		};
		CEC1F2DD20BF82B4005012D7 /* Products */ = {
			isa = PBXGroup;
			children = (
				CEC1F2DC20BF82B4005012D7 /* KillingTimeWithCodility2 */,
			);
			name = Products;
			sourceTree = "<group>";
		};
		CEC1F2DE20BF82B4005012D7 /* KillingTimeWithCodility2 */ = {
			isa = PBXGroup;
			children = (
				CEC1F2E820BF8525005012D7 /* BinaryCount.cpp */,
				CEC1F2F220BF8525005012D7 /* BinaryCount.hpp */,
				CEC1F2FB20BF8526005012D7 /* CyclieRotation.cpp */,
				CEC1F2EE20BF8525005012D7 /* CyclieRotation.hpp */,
				CEC1F2F520BF8525005012D7 /* FrogJmp.cpp */,
				CEC1F2EA20BF8525005012D7 /* FrogJmp.hpp */,
				CEC1F2EF20BF8525005012D7 /* FrogRiverOne.cpp */,
				CEC1F2F920BF8526005012D7 /* FrogRiverOne.hpp */,
				CEC1F2EB20BF8525005012D7 /* MaxCounters.cpp */,
				CEC1F2F620BF8526005012D7 /* MaxCounters.hpp */,
				CEC1F2F720BF8526005012D7 /* MinAvgTwoSlice.cpp */,
				CEC1F2E920BF8525005012D7 /* MinAvgTwoSlice.hpp */,
				CEC1F2F020BF8525005012D7 /* MissingInteger.cpp */,
				CEC1F2F820BF8526005012D7 /* MissingInteger.hpp */,
				CEC1F2F420BF8525005012D7 /* OddOccurrencesInArray.cpp */,
				CEC1F2F120BF8525005012D7 /* OddOccurrencesInArray.hpp */,
				CEC1F2F320BF8525005012D7 /* PermCheck.cpp */,
				CEC1F2EC20BF8525005012D7 /* PermCheck.hpp */,
				CEC1F2ED20BF8525005012D7 /* PermMissingElem.cpp */,
				CEC1F2FA20BF8526005012D7 /* PermMissingElem.hpp */,
				CEC1F2E620BF8524005012D7 /* TapeEquilibrium.cpp */,
				CEC1F2E720BF8525005012D7 /* TapeEquilibrium.hpp */,
				CEC1F2DF20BF82B4005012D7 /* main.cpp */,
				CE80839B20C1403D00DDE52D /* PassingCars.cpp */,
				CE80839C20C1403D00DDE52D /* PassingCars.hpp */,
			);
			path = KillingTimeWithCodility2;
			sourceTree = "<group>";
		};
/* End PBXGroup section */

/* Begin PBXNativeTarget section */
		CEC1F2DB20BF82B4005012D7 /* KillingTimeWithCodility2 */ = {
			isa = PBXNativeTarget;
			buildConfigurationList = CEC1F2E320BF82B4005012D7 /* Build configuration list for PBXNativeTarget "KillingTimeWithCodility2" */;
			buildPhases = (
				CEC1F2D820BF82B4005012D7 /* Sources */,
				CEC1F2D920BF82B4005012D7 /* Frameworks */,
				CEC1F2DA20BF82B4005012D7 /* CopyFiles */,
			);
			buildRules = (
			);
			dependencies = (
			);
			name = KillingTimeWithCodility2;
			productName = KillingTimeWithCodility2;
			productReference = CEC1F2DC20BF82B4005012D7 /* KillingTimeWithCodility2 */;
			productType = "com.apple.product-type.tool";
		};
/* End PBXNativeTarget section */

/* Begin PBXProject section */
		CEC1F2D420BF82B4005012D7 /* Project object */ = {
			isa = PBXProject;
			attributes = {
				LastUpgradeCheck = 0930;
				ORGANIZATIONNAME = han;
				TargetAttributes = {
					CEC1F2DB20BF82B4005012D7 = {
						CreatedOnToolsVersion = 9.3.1;
					};
				};
			};
			buildConfigurationList = CEC1F2D720BF82B4005012D7 /* Build configuration list for PBXProject "KillingTimeWithCodility2" */;
			compatibilityVersion = "Xcode 9.3";
			developmentRegion = en;
			hasScannedForEncodings = 0;
			knownRegions = (
				en,
			);
			mainGroup = CEC1F2D320BF82B4005012D7;
			productRefGroup = CEC1F2DD20BF82B4005012D7 /* Products */;
			projectDirPath = "";
			projectRoot = "";
			targets = (
				CEC1F2DB20BF82B4005012D7 /* KillingTimeWithCodility2 */,
			);
		};
/* End PBXProject section */

/* Begin PBXSourcesBuildPhase section */
		CEC1F2D820BF82B4005012D7 /* Sources */ = {
			isa = PBXSourcesBuildPhase;
			buildActionMask = 2147483647;
			files = (
				CEC1F30620BF8526005012D7 /* CyclieRotation.cpp in Sources */,
				CEC1F30220BF8526005012D7 /* PermCheck.cpp in Sources */,
				CEC1F2FF20BF8526005012D7 /* PermMissingElem.cpp in Sources */,
				CEC1F2FC20BF8526005012D7 /* TapeEquilibrium.cpp in Sources */,
				CEC1F30320BF8526005012D7 /* OddOccurrencesInArray.cpp in Sources */,
				CEC1F2FE20BF8526005012D7 /* MaxCounters.cpp in Sources */,
				CEC1F30420BF8526005012D7 /* FrogJmp.cpp in Sources */,
				CEC1F30020BF8526005012D7 /* FrogRiverOne.cpp in Sources */,
				CE80839D20C1403D00DDE52D /* PassingCars.cpp in Sources */,
				CEC1F2FD20BF8526005012D7 /* BinaryCount.cpp in Sources */,
				CEC1F30120BF8526005012D7 /* MissingInteger.cpp in Sources */,
				CEC1F2E020BF82B4005012D7 /* main.cpp in Sources */,
				CEC1F30520BF8526005012D7 /* MinAvgTwoSlice.cpp in Sources */,
			);
			runOnlyForDeploymentPostprocessing = 0;
		};
/* End PBXSourcesBuildPhase section */

/* Begin XCBuildConfiguration section */
		CEC1F2E120BF82B4005012D7 /* Debug */ = {
			isa = XCBuildConfiguration;
			buildSettings = {
				ALWAYS_SEARCH_USER_PATHS = NO;
				CLANG_ANALYZER_NONNULL = YES;
				CLANG_ANALYZER_NUMBER_OBJECT_CONVERSION = YES_AGGRESSIVE;
				CLANG_CXX_LANGUAGE_STANDARD = "gnu++14";
				CLANG_CXX_LIBRARY = "libc++";
				CLANG_ENABLE_MODULES = YES;
				CLANG_ENABLE_OBJC_ARC = YES;
				CLANG_ENABLE_OBJC_WEAK = YES;
				CLANG_WARN_BLOCK_CAPTURE_AUTORELEASING = YES;
				CLANG_WARN_BOOL_CONVERSION = YES;
				CLANG_WARN_COMMA = YES;
				CLANG_WARN_CONSTANT_CONVERSION = YES;
				CLANG_WARN_DEPRECATED_OBJC_IMPLEMENTATIONS = YES;
				CLANG_WARN_DIRECT_OBJC_ISA_USAGE = YES_ERROR;
				CLANG_WARN_DOCUMENTATION_COMMENTS = YES;
				CLANG_WARN_EMPTY_BODY = YES;
				CLANG_WARN_ENUM_CONVERSION = YES;
				CLANG_WARN_INFINITE_RECURSION = YES;
				CLANG_WARN_INT_CONVERSION = YES;
				CLANG_WARN_NON_LITERAL_NULL_CONVERSION = YES;
				CLANG_WARN_OBJC_IMPLICIT_RETAIN_SELF = YES;
				CLANG_WARN_OBJC_LITERAL_CONVERSION = YES;
				CLANG_WARN_OBJC_ROOT_CLASS = YES_ERROR;
				CLANG_WARN_RANGE_LOOP_ANALYSIS = YES;
				CLANG_WARN_STRICT_PROTOTYPES = YES;
				CLANG_WARN_SUSPICIOUS_MOVE = YES;
				CLANG_WARN_UNGUARDED_AVAILABILITY = YES_AGGRESSIVE;
				CLANG_WARN_UNREACHABLE_CODE = YES;
				CLANG_WARN__DUPLICATE_METHOD_MATCH = YES;
				CODE_SIGN_IDENTITY = "-";
				COPY_PHASE_STRIP = NO;
				DEBUG_INFORMATION_FORMAT = dwarf;
				ENABLE_STRICT_OBJC_MSGSEND = YES;
				ENABLE_TESTABILITY = YES;
				GCC_C_LANGUAGE_STANDARD = gnu11;
				GCC_DYNAMIC_NO_PIC = NO;
				GCC_NO_COMMON_BLOCKS = YES;
				GCC_OPTIMIZATION_LEVEL = 0;
				GCC_PREPROCESSOR_DEFINITIONS = (
					"DEBUG=1",
					"$(inherited)",
				);
				GCC_WARN_64_TO_32_BIT_CONVERSION = YES;
				GCC_WARN_ABOUT_RETURN_TYPE = YES_ERROR;
				GCC_WARN_UNDECLARED_SELECTOR = YES;
				GCC_WARN_UNINITIALIZED_AUTOS = YES_AGGRESSIVE;
				GCC_WARN_UNUSED_FUNCTION = YES;
				GCC_WARN_UNUSED_VARIABLE = YES;
				MACOSX_DEPLOYMENT_TARGET = 10.13;
				MTL_ENABLE_DEBUG_INFO = YES;
				ONLY_ACTIVE_ARCH = YES;
				SDKROOT = macosx;
			};
			name = Debug;
		};
		CEC1F2E220BF82B4005012D7 /* Release */ = {
			isa = XCBuildConfiguration;
			buildSettings = {
				ALWAYS_SEARCH_USER_PATHS = NO;
				CLANG_ANALYZER_NONNULL = YES;
				CLANG_ANALYZER_NUMBER_OBJECT_CONVERSION = YES_AGGRESSIVE;
				CLANG_CXX_LANGUAGE_STANDARD = "gnu++14";
				CLANG_CXX_LIBRARY = "libc++";
				CLANG_ENABLE_MODULES = YES;
				CLANG_ENABLE_OBJC_ARC = YES;
				CLANG_ENABLE_OBJC_WEAK = YES;
				CLANG_WARN_BLOCK_CAPTURE_AUTORELEASING = YES;
				CLANG_WARN_BOOL_CONVERSION = YES;
				CLANG_WARN_COMMA = YES;
				CLANG_WARN_CONSTANT_CONVERSION = YES;
				CLANG_WARN_DEPRECATED_OBJC_IMPLEMENTATIONS = YES;
				CLANG_WARN_DIRECT_OBJC_ISA_USAGE = YES_ERROR;
				CLANG_WARN_DOCUMENTATION_COMMENTS = YES;
				CLANG_WARN_EMPTY_BODY = YES;
				CLANG_WARN_ENUM_CONVERSION = YES;
				CLANG_WARN_INFINITE_RECURSION = YES;
				CLANG_WARN_INT_CONVERSION = YES;
				CLANG_WARN_NON_LITERAL_NULL_CONVERSION = YES;
				CLANG_WARN_OBJC_IMPLICIT_RETAIN_SELF = YES;
				CLANG_WARN_OBJC_LITERAL_CONVERSION = YES;
				CLANG_WARN_OBJC_ROOT_CLASS = YES_ERROR;
				CLANG_WARN_RANGE_LOOP_ANALYSIS = YES;
				CLANG_WARN_STRICT_PROTOTYPES = YES;
				CLANG_WARN_SUSPICIOUS_MOVE = YES;
				CLANG_WARN_UNGUARDED_AVAILABILITY = YES_AGGRESSIVE;
				CLANG_WARN_UNREACHABLE_CODE = YES;
				CLANG_WARN__DUPLICATE_METHOD_MATCH = YES;
				CODE_SIGN_IDENTITY = "-";
				COPY_PHASE_STRIP = NO;
				DEBUG_INFORMATION_FORMAT = "dwarf-with-dsym";
				ENABLE_NS_ASSERTIONS = NO;
				ENABLE_STRICT_OBJC_MSGSEND = YES;
				GCC_C_LANGUAGE_STANDARD = gnu11;
				GCC_NO_COMMON_BLOCKS = YES;
				GCC_WARN_64_TO_32_BIT_CONVERSION = YES;
				GCC_WARN_ABOUT_RETURN_TYPE = YES_ERROR;
				GCC_WARN_UNDECLARED_SELECTOR = YES;
				GCC_WARN_UNINITIALIZED_AUTOS = YES_AGGRESSIVE;
				GCC_WARN_UNUSED_FUNCTION = YES;
				GCC_WARN_UNUSED_VARIABLE = YES;
				MACOSX_DEPLOYMENT_TARGET = 10.13;
				MTL_ENABLE_DEBUG_INFO = NO;
				SDKROOT = macosx;
			};
			name = Release;
		};
		CEC1F2E420BF82B4005012D7 /* Debug */ = {
			isa = XCBuildConfiguration;
			buildSettings = {
				CODE_SIGN_STYLE = Automatic;
				PRODUCT_NAME = "$(TARGET_NAME)";
			};
			name = Debug;
		};
		CEC1F2E520BF82B4005012D7 /* Release */ = {
			isa = XCBuildConfiguration;
			buildSettings = {
				CODE_SIGN_STYLE = Automatic;
				PRODUCT_NAME = "$(TARGET_NAME)";
			};
			name = Release;
		};
/* End XCBuildConfiguration section */

/* Begin XCConfigurationList section */
		CEC1F2D720BF82B4005012D7 /* Build configuration list for PBXProject "KillingTimeWithCodility2" */ = {
			isa = XCConfigurationList;
			buildConfigurations = (
				CEC1F2E120BF82B4005012D7 /* Debug */,
				CEC1F2E220BF82B4005012D7 /* Release */,
			);
			defaultConfigurationIsVisible = 0;
			defaultConfigurationName = Release;
		};
		CEC1F2E320BF82B4005012D7 /* Build configuration list for PBXNativeTarget "KillingTimeWithCodility2" */ = {
			isa = XCConfigurationList;
			buildConfigurations = (
				CEC1F2E420BF82B4005012D7 /* Debug */,
				CEC1F2E520BF82B4005012D7 /* Release */,
			);
			defaultConfigurationIsVisible = 0;
			defaultConfigurationName = Release;
		};
/* End XCConfigurationList section */
	};
	rootObject = CEC1F2D420BF82B4005012D7 /* Project object */;
}
